
Microsoft Visual Studio Solution File, Format Version 12.00
# Visual Studio Version 16
VisualStudioVersion = 16.0.31005.135
MinimumVisualStudioVersion = 10.0.40219.1
Project("{FAE04EC0-301F-11D3-BF4B-00C04F79EFBC}") = "Spycture", "Spycture\Spycture.csproj", "{FE2B1E52-2369-444E-8598-BC67D40B38FE}"
EndProject
Global
	GlobalSection(SolutionConfigurationPlatforms) = preSolution
		Debug|Any CPU = Debug|Any CPU
		Release|Any CPU = Release|Any CPU
	EndGlobalSection
	GlobalSection(ProjectConfigurationPlatforms) = postSolution
		{FE2B1E52-2369-444E-8598-BC67D40B38FE}.Debug|Any CPU.ActiveCfg = Debug|Any CPU
		{FE2B1E52-2369-444E-8598-BC67D40B38FE}.Debug|Any CPU.Build.0 = Debug|Any CPU
		{FE2B1E52-2369-444E-8598-BC67D40B38FE}.Release|Any CPU.ActiveCfg = Release|Any CPU
		{FE2B1E52-2369-444E-8598-BC67D40B38FE}.Release|Any CPU.Build.0 = Release|Any CPU
	EndGlobalSection
	GlobalSection(SolutionProperties) = preSolution
		HideSolutionNode = FALSE
	EndGlobalSection
	GlobalSection(ExtensibilityGlobals) = postSolution
		SolutionGuid = {DD790A01-0D4E-4387-87CF-830D4B97971F}
	EndGlobalSection
EndGlobal
